schema: '2.0'
stages:
  prepare:
    cmd: python src/prepare.py data/raw/weatherAUS.csv data/prepared
    deps:
    - path: data/raw/weatherAUS.csv
      hash: md5
      md5: a65cf8b8719b1a65db4f361eeec18457
      size: 14094055
    - path: src/prepare.py
      hash: md5
      md5: 4d701ff0ee7bea8f3267ad2fe699bcbc
      size: 512
    outs:
    - path: data/prepared
      hash: md5
      md5: a0888d7bdbf17508d0199fdf8d24d26b.dir
      size: 15453875
      nfiles: 1
  train:
    cmd: python src/train.py data/prepared/train.csv
    deps:
    - path: data/prepared/train.csv
      hash: md5
      md5: b495688379889db5116fd291a4cd9f80
      size: 15453875
    - path: src/train.py
      hash: md5
      md5: e6690a05071eec0b09bc840600927037
      size: 2843
    outs:
    - path: models/model.pkl
      hash: md5
      md5: d18311f73ca246dc9ddf82b9ee2ff208
      size: 91436777
